
Microsoft Visual Studio Solution File, Format Version 12.00
# Visual Studio Version 17
VisualStudioVersion = 17.14.36811.4 d17.14
MinimumVisualStudioVersion = 10.0.40219.1
Project("{FAE04EC0-301F-11D3-BF4B-00C04F79EFBC}") = "Day07", "Day07.csproj", "{72F06B9D-F4C9-4889-AC79-331AC5E4F813}"
EndProject
Global
	GlobalSection(SolutionConfigurationPlatforms) = preSolution
		Debug|Any CPU = Debug|Any CPU
		Release|Any CPU = Release|Any CPU
	EndGlobalSection
	GlobalSection(ProjectConfigurationPlatforms) = postSolution
		{72F06B9D-F4C9-4889-AC79-331AC5E4F813}.Debug|Any CPU.ActiveCfg = Debug|Any CPU
		{72F06B9D-F4C9-4889-AC79-331AC5E4F813}.Debug|Any CPU.Build.0 = Debug|Any CPU
		{72F06B9D-F4C9-4889-AC79-331AC5E4F813}.Release|Any CPU.ActiveCfg = Release|Any CPU
		{72F06B9D-F4C9-4889-AC79-331AC5E4F813}.Release|Any CPU.Build.0 = Release|Any CPU
	EndGlobalSection
	GlobalSection(SolutionProperties) = preSolution
		HideSolutionNode = FALSE
	EndGlobalSection
	GlobalSection(ExtensibilityGlobals) = postSolution
		SolutionGuid = {97262EFF-A87F-409C-94D5-863543F2C476}
	EndGlobalSection
EndGlobal
