
Microsoft Visual Studio Solution File, Format Version 12.00
# Visual Studio Version 17
VisualStudioVersion = 17.14.36811.4 d17.14
MinimumVisualStudioVersion = 10.0.40219.1
Project("{FAE04EC0-301F-11D3-BF4B-00C04F79EFBC}") = "DAY08", "DAY08.csproj", "{537BC970-431B-4532-AE17-AB02D61BB44B}"
EndProject
Global
	GlobalSection(SolutionConfigurationPlatforms) = preSolution
		Debug|Any CPU = Debug|Any CPU
		Release|Any CPU = Release|Any CPU
	EndGlobalSection
	GlobalSection(ProjectConfigurationPlatforms) = postSolution
		{537BC970-431B-4532-AE17-AB02D61BB44B}.Debug|Any CPU.ActiveCfg = Debug|Any CPU
		{537BC970-431B-4532-AE17-AB02D61BB44B}.Debug|Any CPU.Build.0 = Debug|Any CPU
		{537BC970-431B-4532-AE17-AB02D61BB44B}.Release|Any CPU.ActiveCfg = Release|Any CPU
		{537BC970-431B-4532-AE17-AB02D61BB44B}.Release|Any CPU.Build.0 = Release|Any CPU
	EndGlobalSection
	GlobalSection(SolutionProperties) = preSolution
		HideSolutionNode = FALSE
	EndGlobalSection
	GlobalSection(ExtensibilityGlobals) = postSolution
		SolutionGuid = {7C0E38BC-49EF-4EF7-8DBF-AEA1D82C5A51}
	EndGlobalSection
EndGlobal
