
Microsoft Visual Studio Solution File, Format Version 12.00
# Visual Studio Version 17
VisualStudioVersion = 17.14.36811.4 d17.14
MinimumVisualStudioVersion = 10.0.40219.1
Project("{FAE04EC0-301F-11D3-BF4B-00C04F79EFBC}") = "DAY09_EX", "DAY09_EX.csproj", "{B3314883-0C49-41E0-A616-3A4F6F58783D}"
EndProject
Global
	GlobalSection(SolutionConfigurationPlatforms) = preSolution
		Debug|Any CPU = Debug|Any CPU
		Release|Any CPU = Release|Any CPU
	EndGlobalSection
	GlobalSection(ProjectConfigurationPlatforms) = postSolution
		{B3314883-0C49-41E0-A616-3A4F6F58783D}.Debug|Any CPU.ActiveCfg = Debug|Any CPU
		{B3314883-0C49-41E0-A616-3A4F6F58783D}.Debug|Any CPU.Build.0 = Debug|Any CPU
		{B3314883-0C49-41E0-A616-3A4F6F58783D}.Release|Any CPU.ActiveCfg = Release|Any CPU
		{B3314883-0C49-41E0-A616-3A4F6F58783D}.Release|Any CPU.Build.0 = Release|Any CPU
	EndGlobalSection
	GlobalSection(SolutionProperties) = preSolution
		HideSolutionNode = FALSE
	EndGlobalSection
	GlobalSection(ExtensibilityGlobals) = postSolution
		SolutionGuid = {AD70B954-C29D-42FA-83E9-6FD12559BB2F}
	EndGlobalSection
EndGlobal
