
Microsoft Visual Studio Solution File, Format Version 12.00
# Visual Studio Version 17
VisualStudioVersion = 17.14.36811.4 d17.14
MinimumVisualStudioVersion = 10.0.40219.1
Project("{FAE04EC0-301F-11D3-BF4B-00C04F79EFBC}") = "DAY08_03", "DAY08_03.csproj", "{07BC858D-C253-4506-991E-36C1EABA435C}"
EndProject
Global
	GlobalSection(SolutionConfigurationPlatforms) = preSolution
		Debug|Any CPU = Debug|Any CPU
		Release|Any CPU = Release|Any CPU
	EndGlobalSection
	GlobalSection(ProjectConfigurationPlatforms) = postSolution
		{07BC858D-C253-4506-991E-36C1EABA435C}.Debug|Any CPU.ActiveCfg = Debug|Any CPU
		{07BC858D-C253-4506-991E-36C1EABA435C}.Debug|Any CPU.Build.0 = Debug|Any CPU
		{07BC858D-C253-4506-991E-36C1EABA435C}.Release|Any CPU.ActiveCfg = Release|Any CPU
		{07BC858D-C253-4506-991E-36C1EABA435C}.Release|Any CPU.Build.0 = Release|Any CPU
	EndGlobalSection
	GlobalSection(SolutionProperties) = preSolution
		HideSolutionNode = FALSE
	EndGlobalSection
	GlobalSection(ExtensibilityGlobals) = postSolution
		SolutionGuid = {76C57FEA-6A7A-4E1A-9425-EF837197722A}
	EndGlobalSection
EndGlobal
